
Microsoft Visual Studio Solution File, Format Version 12.00
# Visual Studio 15
Project("{FAE04EC0-301F-11D3-BF4B-00C04F79EFBC}") = "Assembly-CSharp", "Assembly-CSharp.csproj", "{86BC817C-F90D-A950-38CB-6FD965E77CA5}"
EndProject
Project("{FAE04EC0-301F-11D3-BF4B-00C04F79EFBC}") = "Assembly-CSharp-Editor", "Assembly-CSharp-Editor.csproj", "{09B9595E-2959-94B0-55CB-36EBCCA3ECA9}"
EndProject
Global
	GlobalSection(SolutionConfigurationPlatforms) = preSolution
		Debug|Any CPU = Debug|Any CPU
		Release|Any CPU = Release|Any CPU
	EndGlobalSection
	GlobalSection(ProjectConfigurationPlatforms) = postSolution
		{86BC817C-F90D-A950-38CB-6FD965E77CA5}.Debug|Any CPU.ActiveCfg = Debug|Any CPU
		{86BC817C-F90D-A950-38CB-6FD965E77CA5}.Debug|Any CPU.Build.0 = Debug|Any CPU
		{86BC817C-F90D-A950-38CB-6FD965E77CA5}.Release|Any CPU.ActiveCfg = Release|Any CPU
		{86BC817C-F90D-A950-38CB-6FD965E77CA5}.Release|Any CPU.Build.0 = Release|Any CPU
		{09B9595E-2959-94B0-55CB-36EBCCA3ECA9}.Debug|Any CPU.ActiveCfg = Debug|Any CPU
		{09B9595E-2959-94B0-55CB-36EBCCA3ECA9}.Debug|Any CPU.Build.0 = Debug|Any CPU
		{09B9595E-2959-94B0-55CB-36EBCCA3ECA9}.Release|Any CPU.ActiveCfg = Release|Any CPU
		{09B9595E-2959-94B0-55CB-36EBCCA3ECA9}.Release|Any CPU.Build.0 = Release|Any CPU
	EndGlobalSection
	GlobalSection(SolutionProperties) = preSolution
		HideSolutionNode = FALSE
	EndGlobalSection
EndGlobal
